// !$*UTF8*$!
{
	archiveVersion = 1;
	classes = {
	};
	objectVersion = 56;
	objects = {

/* Begin PBXBuildFile section */
		5C1BF8C02C601263005C7E2A /* ConnextApp.swift in Sources */ = {isa = PBXBuildFile; fileRef = 5C1BF8BF2C601263005C7E2A /* ConnextApp.swift */; };
		5C1BF8C42C601263005C7E2A /* Assets.xcassets in Resources */ = {isa = PBXBuildFile; fileRef = 5C1BF8C32C601263005C7E2A /* Assets.xcassets */; };
		5C1BF8C72C601263005C7E2A /* Preview Assets.xcassets in Resources */ = {isa = PBXBuildFile; fileRef = 5C1BF8C62C601263005C7E2A /* Preview Assets.xcassets */; };
		5C1BF8CF2C60CCA0005C7E2A /* Color+Ext.swift in Sources */ = {isa = PBXBuildFile; fileRef = 5C1BF8CE2C60CCA0005C7E2A /* Color+Ext.swift */; };
		5C1BF8D12C60CD67005C7E2A /* AppTabView.swift in Sources */ = {isa = PBXBuildFile; fileRef = 5C1BF8D02C60CD67005C7E2A /* AppTabView.swift */; };
		5C1BF8D32C60D13D005C7E2A /* LocationMapView.swift in Sources */ = {isa = PBXBuildFile; fileRef = 5C1BF8D22C60D13D005C7E2A /* LocationMapView.swift */; };
		5C1BF8D52C60D158005C7E2A /* LocationsListView.swift in Sources */ = {isa = PBXBuildFile; fileRef = 5C1BF8D42C60D158005C7E2A /* LocationsListView.swift */; };
		5C1BF8D72C60D16F005C7E2A /* ProfileView.swift in Sources */ = {isa = PBXBuildFile; fileRef = 5C1BF8D62C60D16F005C7E2A /* ProfileView.swift */; };
		5C1BF8D92C6110AA005C7E2A /* LocationsDetailView.swift in Sources */ = {isa = PBXBuildFile; fileRef = 5C1BF8D82C6110AA005C7E2A /* LocationsDetailView.swift */; };
		5C2A0DE52C63E4C700471993 /* LocationCell.swift in Sources */ = {isa = PBXBuildFile; fileRef = 5C2A0DE42C63E4C700471993 /* LocationCell.swift */; };
		5C2A0DE72C63EDCC00471993 /* AvatarView.swift in Sources */ = {isa = PBXBuildFile; fileRef = 5C2A0DE62C63EDCC00471993 /* AvatarView.swift */; };
		5C2A0DE92C64004B00471993 /* ConnextButton.swift in Sources */ = {isa = PBXBuildFile; fileRef = 5C2A0DE82C64004B00471993 /* ConnextButton.swift */; };
		5C844A532C6534300063B3E4 /* Location.swift in Sources */ = {isa = PBXBuildFile; fileRef = 5C844A522C6534300063B3E4 /* Location.swift */; };
		5C844A552C65570A0063B3E4 /* Profile.swift in Sources */ = {isa = PBXBuildFile; fileRef = 5C844A542C65570A0063B3E4 /* Profile.swift */; };
		5C844A572C660AC70063B3E4 /* MockData.swift in Sources */ = {isa = PBXBuildFile; fileRef = 5C844A562C660AC70063B3E4 /* MockData.swift */; };
		5C844A5B2C6623FE0063B3E4 /* CloudKitManager.swift in Sources */ = {isa = PBXBuildFile; fileRef = 5C844A5A2C6623FE0063B3E4 /* CloudKitManager.swift */; };
		5C844A5E2C66246E0063B3E4 /* Constant.swift in Sources */ = {isa = PBXBuildFile; fileRef = 5C844A5D2C66246E0063B3E4 /* Constant.swift */; };
		5C844A602C66567A0063B3E4 /* CKRecord.swift in Sources */ = {isa = PBXBuildFile; fileRef = 5C844A5F2C66567A0063B3E4 /* CKRecord.swift */; };
		5C844A622C6677940063B3E4 /* AlertItem.swift in Sources */ = {isa = PBXBuildFile; fileRef = 5C844A612C6677940063B3E4 /* AlertItem.swift */; };
		5C844A652C6682B10063B3E4 /* LocationMapViewModel.swift in Sources */ = {isa = PBXBuildFile; fileRef = 5C844A642C6682B10063B3E4 /* LocationMapViewModel.swift */; };
/* End PBXBuildFile section */

/* Begin PBXFileReference section */
		5C1BF8BC2C601263005C7E2A /* Connext.app */ = {isa = PBXFileReference; explicitFileType = wrapper.application; includeInIndex = 0; path = Connext.app; sourceTree = BUILT_PRODUCTS_DIR; };
		5C1BF8BF2C601263005C7E2A /* ConnextApp.swift */ = {isa = PBXFileReference; lastKnownFileType = sourcecode.swift; path = ConnextApp.swift; sourceTree = "<group>"; };
		5C1BF8C32C601263005C7E2A /* Assets.xcassets */ = {isa = PBXFileReference; lastKnownFileType = folder.assetcatalog; path = Assets.xcassets; sourceTree = "<group>"; };
		5C1BF8C62C601263005C7E2A /* Preview Assets.xcassets */ = {isa = PBXFileReference; lastKnownFileType = folder.assetcatalog; path = "Preview Assets.xcassets"; sourceTree = "<group>"; };
		5C1BF8CD2C60B75C005C7E2A /* Connext.entitlements */ = {isa = PBXFileReference; lastKnownFileType = text.plist.entitlements; path = Connext.entitlements; sourceTree = "<group>"; };
		5C1BF8CE2C60CCA0005C7E2A /* Color+Ext.swift */ = {isa = PBXFileReference; lastKnownFileType = sourcecode.swift; path = "Color+Ext.swift"; sourceTree = "<group>"; };
		5C1BF8D02C60CD67005C7E2A /* AppTabView.swift */ = {isa = PBXFileReference; lastKnownFileType = sourcecode.swift; path = AppTabView.swift; sourceTree = "<group>"; };
		5C1BF8D22C60D13D005C7E2A /* LocationMapView.swift */ = {isa = PBXFileReference; lastKnownFileType = sourcecode.swift; path = LocationMapView.swift; sourceTree = "<group>"; };
		5C1BF8D42C60D158005C7E2A /* LocationsListView.swift */ = {isa = PBXFileReference; lastKnownFileType = sourcecode.swift; path = LocationsListView.swift; sourceTree = "<group>"; };
		5C1BF8D62C60D16F005C7E2A /* ProfileView.swift */ = {isa = PBXFileReference; lastKnownFileType = sourcecode.swift; path = ProfileView.swift; sourceTree = "<group>"; };
		5C1BF8D82C6110AA005C7E2A /* LocationsDetailView.swift */ = {isa = PBXFileReference; lastKnownFileType = sourcecode.swift; path = LocationsDetailView.swift; sourceTree = "<group>"; };
		5C2A0DE42C63E4C700471993 /* LocationCell.swift */ = {isa = PBXFileReference; lastKnownFileType = sourcecode.swift; path = LocationCell.swift; sourceTree = "<group>"; };
		5C2A0DE62C63EDCC00471993 /* AvatarView.swift */ = {isa = PBXFileReference; lastKnownFileType = sourcecode.swift; path = AvatarView.swift; sourceTree = "<group>"; };
		5C2A0DE82C64004B00471993 /* ConnextButton.swift */ = {isa = PBXFileReference; lastKnownFileType = sourcecode.swift; path = ConnextButton.swift; sourceTree = "<group>"; };
		5C844A522C6534300063B3E4 /* Location.swift */ = {isa = PBXFileReference; lastKnownFileType = sourcecode.swift; path = Location.swift; sourceTree = "<group>"; };
		5C844A542C65570A0063B3E4 /* Profile.swift */ = {isa = PBXFileReference; lastKnownFileType = sourcecode.swift; path = Profile.swift; sourceTree = "<group>"; };
		5C844A562C660AC70063B3E4 /* MockData.swift */ = {isa = PBXFileReference; lastKnownFileType = sourcecode.swift; path = MockData.swift; sourceTree = "<group>"; };
		5C844A5A2C6623FE0063B3E4 /* CloudKitManager.swift */ = {isa = PBXFileReference; lastKnownFileType = sourcecode.swift; path = CloudKitManager.swift; sourceTree = "<group>"; };
		5C844A5D2C66246E0063B3E4 /* Constant.swift */ = {isa = PBXFileReference; lastKnownFileType = sourcecode.swift; path = Constant.swift; sourceTree = "<group>"; };
		5C844A5F2C66567A0063B3E4 /* CKRecord.swift */ = {isa = PBXFileReference; lastKnownFileType = sourcecode.swift; path = CKRecord.swift; sourceTree = "<group>"; };
		5C844A612C6677940063B3E4 /* AlertItem.swift */ = {isa = PBXFileReference; lastKnownFileType = sourcecode.swift; path = AlertItem.swift; sourceTree = "<group>"; };
		5C844A642C6682B10063B3E4 /* LocationMapViewModel.swift */ = {isa = PBXFileReference; lastKnownFileType = sourcecode.swift; path = LocationMapViewModel.swift; sourceTree = "<group>"; };
/* End PBXFileReference section */

/* Begin PBXFrameworksBuildPhase section */
		5C1BF8B92C601263005C7E2A /* Frameworks */ = {
			isa = PBXFrameworksBuildPhase;
			buildActionMask = 2147483647;
			files = (
			);
			runOnlyForDeploymentPostprocessing = 0;
		};
/* End PBXFrameworksBuildPhase section */

/* Begin PBXGroup section */
		5C1BF8B32C601262005C7E2A = {
			isa = PBXGroup;
			children = (
				5C1BF8BE2C601263005C7E2A /* Connext */,
				5C1BF8BD2C601263005C7E2A /* Products */,
			);
			sourceTree = "<group>";
		};
		5C1BF8BD2C601263005C7E2A /* Products */ = {
			isa = PBXGroup;
			children = (
				5C1BF8BC2C601263005C7E2A /* Connext.app */,
			);
			name = Products;
			sourceTree = "<group>";
		};
		5C1BF8BE2C601263005C7E2A /* Connext */ = {
			isa = PBXGroup;
			children = (
				5C844A592C6623E90063B3E4 /* Manager */,
				5C844A512C6534250063B3E4 /* Model */,
				5C6BFE692C6404E900096E2D /* Extensions */,
				5C6BFE672C64049500096E2D /* Views */,
				5C1BF8CD2C60B75C005C7E2A /* Connext.entitlements */,
				5C1BF8BF2C601263005C7E2A /* ConnextApp.swift */,
				5C1BF8C32C601263005C7E2A /* Assets.xcassets */,
				5C1BF8C52C601263005C7E2A /* Preview Content */,
			);
			path = Connext;
			sourceTree = "<group>";
		};
		5C1BF8C52C601263005C7E2A /* Preview Content */ = {
			isa = PBXGroup;
			children = (
				5C1BF8C62C601263005C7E2A /* Preview Assets.xcassets */,
			);
			path = "Preview Content";
			sourceTree = "<group>";
		};
		5C6BFE672C64049500096E2D /* Views */ = {
			isa = PBXGroup;
			children = (
				5C6BFE6B2C64052F00096E2D /* CustomViews */,
				5C6BFE6A2C64050D00096E2D /* Cells */,
				5C6BFE682C64049C00096E2D /* Screens */,
			);
			path = Views;
			sourceTree = "<group>";
		};
		5C6BFE682C64049C00096E2D /* Screens */ = {
			isa = PBXGroup;
			children = (
				5C844A632C66829F0063B3E4 /* LocationMapView */,
				5C1BF8D02C60CD67005C7E2A /* AppTabView.swift */,
				5C1BF8D42C60D158005C7E2A /* LocationsListView.swift */,
				5C1BF8D82C6110AA005C7E2A /* LocationsDetailView.swift */,
				5C1BF8D62C60D16F005C7E2A /* ProfileView.swift */,
			);
			path = Screens;
			sourceTree = "<group>";
		};
		5C6BFE692C6404E900096E2D /* Extensions */ = {
			isa = PBXGroup;
			children = (
				5C1BF8CE2C60CCA0005C7E2A /* Color+Ext.swift */,
			);
			path = Extensions;
			sourceTree = "<group>";
		};
		5C6BFE6A2C64050D00096E2D /* Cells */ = {
			isa = PBXGroup;
			children = (
				5C2A0DE42C63E4C700471993 /* LocationCell.swift */,
			);
			path = Cells;
			sourceTree = "<group>";
		};
		5C6BFE6B2C64052F00096E2D /* CustomViews */ = {
			isa = PBXGroup;
			children = (
				5C2A0DE62C63EDCC00471993 /* AvatarView.swift */,
				5C2A0DE82C64004B00471993 /* ConnextButton.swift */,
			);
			path = CustomViews;
			sourceTree = "<group>";
		};
		5C844A512C6534250063B3E4 /* Model */ = {
			isa = PBXGroup;
			children = (
				5C844A522C6534300063B3E4 /* Location.swift */,
				5C844A542C65570A0063B3E4 /* Profile.swift */,
				5C844A562C660AC70063B3E4 /* MockData.swift */,
			);
			path = Model;
			sourceTree = "<group>";
		};
		5C844A582C6617300063B3E4 /* Utilities */ = {
			isa = PBXGroup;
			children = (
				5C844A5F2C66567A0063B3E4 /* CKRecord.swift */,
				5C844A612C6677940063B3E4 /* AlertItem.swift */,
			);
			path = Utilities;
			sourceTree = "<group>";
		};
		5C844A592C6623E90063B3E4 /* Manager */ = {
			isa = PBXGroup;
			children = (
				5C844A582C6617300063B3E4 /* Utilities */,
				5C844A5C2C6624560063B3E4 /* Constant */,
				5C844A5A2C6623FE0063B3E4 /* CloudKitManager.swift */,
			);
			path = Manager;
			sourceTree = "<group>";
		};
		5C844A5C2C6624560063B3E4 /* Constant */ = {
			isa = PBXGroup;
			children = (
				5C844A5D2C66246E0063B3E4 /* Constant.swift */,
			);
			path = Constant;
			sourceTree = "<group>";
		};
		5C844A632C66829F0063B3E4 /* LocationMapView */ = {
			isa = PBXGroup;
			children = (
				5C844A642C6682B10063B3E4 /* LocationMapViewModel.swift */,
				5C1BF8D22C60D13D005C7E2A /* LocationMapView.swift */,
			);
			path = LocationMapView;
			sourceTree = "<group>";
		};
/* End PBXGroup section */

/* Begin PBXNativeTarget section */
		5C1BF8BB2C601263005C7E2A /* Connext */ = {
			isa = PBXNativeTarget;
			buildConfigurationList = 5C1BF8CA2C601263005C7E2A /* Build configuration list for PBXNativeTarget "Connext" */;
			buildPhases = (
				5C1BF8B82C601263005C7E2A /* Sources */,
				5C1BF8B92C601263005C7E2A /* Frameworks */,
				5C1BF8BA2C601263005C7E2A /* Resources */,
			);
			buildRules = (
			);
			dependencies = (
			);
			name = Connext;
			productName = Connext;
			productReference = 5C1BF8BC2C601263005C7E2A /* Connext.app */;
			productType = "com.apple.product-type.application";
		};
/* End PBXNativeTarget section */

/* Begin PBXProject section */
		5C1BF8B42C601262005C7E2A /* Project object */ = {
			isa = PBXProject;
			attributes = {
				BuildIndependentTargetsInParallel = 1;
				LastSwiftUpdateCheck = 1540;
				LastUpgradeCheck = 1540;
				TargetAttributes = {
					5C1BF8BB2C601263005C7E2A = {
						CreatedOnToolsVersion = 15.4;
					};
				};
			};
			buildConfigurationList = 5C1BF8B72C601262005C7E2A /* Build configuration list for PBXProject "Connext" */;
			compatibilityVersion = "Xcode 14.0";
			developmentRegion = en;
			hasScannedForEncodings = 0;
			knownRegions = (
				en,
				Base,
			);
			mainGroup = 5C1BF8B32C601262005C7E2A;
			productRefGroup = 5C1BF8BD2C601263005C7E2A /* Products */;
			projectDirPath = "";
			projectRoot = "";
			targets = (
				5C1BF8BB2C601263005C7E2A /* Connext */,
			);
		};
/* End PBXProject section */

/* Begin PBXResourcesBuildPhase section */
		5C1BF8BA2C601263005C7E2A /* Resources */ = {
			isa = PBXResourcesBuildPhase;
			buildActionMask = 2147483647;
			files = (
				5C1BF8C72C601263005C7E2A /* Preview Assets.xcassets in Resources */,
				5C1BF8C42C601263005C7E2A /* Assets.xcassets in Resources */,
			);
			runOnlyForDeploymentPostprocessing = 0;
		};
/* End PBXResourcesBuildPhase section */

/* Begin PBXSourcesBuildPhase section */
		5C1BF8B82C601263005C7E2A /* Sources */ = {
			isa = PBXSourcesBuildPhase;
			buildActionMask = 2147483647;
			files = (
				5C1BF8C02C601263005C7E2A /* ConnextApp.swift in Sources */,
				5C844A552C65570A0063B3E4 /* Profile.swift in Sources */,
				5C844A532C6534300063B3E4 /* Location.swift in Sources */,
				5C844A572C660AC70063B3E4 /* MockData.swift in Sources */,
				5C844A5B2C6623FE0063B3E4 /* CloudKitManager.swift in Sources */,
				5C844A5E2C66246E0063B3E4 /* Constant.swift in Sources */,
				5C844A602C66567A0063B3E4 /* CKRecord.swift in Sources */,
				5C1BF8D32C60D13D005C7E2A /* LocationMapView.swift in Sources */,
				5C1BF8D52C60D158005C7E2A /* LocationsListView.swift in Sources */,
				5C1BF8D92C6110AA005C7E2A /* LocationsDetailView.swift in Sources */,
				5C844A652C6682B10063B3E4 /* LocationMapViewModel.swift in Sources */,
				5C1BF8D12C60CD67005C7E2A /* AppTabView.swift in Sources */,
				5C2A0DE92C64004B00471993 /* ConnextButton.swift in Sources */,
				5C844A622C6677940063B3E4 /* AlertItem.swift in Sources */,
				5C1BF8D72C60D16F005C7E2A /* ProfileView.swift in Sources */,
				5C2A0DE52C63E4C700471993 /* LocationCell.swift in Sources */,
				5C2A0DE72C63EDCC00471993 /* AvatarView.swift in Sources */,
				5C1BF8CF2C60CCA0005C7E2A /* Color+Ext.swift in Sources */,
			);
			runOnlyForDeploymentPostprocessing = 0;
		};
/* End PBXSourcesBuildPhase section */

/* Begin XCBuildConfiguration section */
		5C1BF8C82C601263005C7E2A /* Debug */ = {
			isa = XCBuildConfiguration;
			buildSettings = {
				ALWAYS_SEARCH_USER_PATHS = NO;
				ASSETCATALOG_COMPILER_GENERATE_SWIFT_ASSET_SYMBOL_EXTENSIONS = YES;
				CLANG_ANALYZER_NONNULL = YES;
				CLANG_ANALYZER_NUMBER_OBJECT_CONVERSION = YES_AGGRESSIVE;
				CLANG_CXX_LANGUAGE_STANDARD = "gnu++20";
				CLANG_ENABLE_MODULES = YES;
				CLANG_ENABLE_OBJC_ARC = YES;
				CLANG_ENABLE_OBJC_WEAK = YES;
				CLANG_WARN_BLOCK_CAPTURE_AUTORELEASING = YES;
				CLANG_WARN_BOOL_CONVERSION = YES;
				CLANG_WARN_COMMA = YES;
				CLANG_WARN_CONSTANT_CONVERSION = YES;
				CLANG_WARN_DEPRECATED_OBJC_IMPLEMENTATIONS = YES;
				CLANG_WARN_DIRECT_OBJC_ISA_USAGE = YES_ERROR;
				CLANG_WARN_DOCUMENTATION_COMMENTS = YES;
				CLANG_WARN_EMPTY_BODY = YES;
				CLANG_WARN_ENUM_CONVERSION = YES;
				CLANG_WARN_INFINITE_RECURSION = YES;
				CLANG_WARN_INT_CONVERSION = YES;
				CLANG_WARN_NON_LITERAL_NULL_CONVERSION = YES;
				CLANG_WARN_OBJC_IMPLICIT_RETAIN_SELF = YES;
				CLANG_WARN_OBJC_LITERAL_CONVERSION = YES;
				CLANG_WARN_OBJC_ROOT_CLASS = YES_ERROR;
				CLANG_WARN_QUOTED_INCLUDE_IN_FRAMEWORK_HEADER = YES;
				CLANG_WARN_RANGE_LOOP_ANALYSIS = YES;
				CLANG_WARN_STRICT_PROTOTYPES = YES;
				CLANG_WARN_SUSPICIOUS_MOVE = YES;
				CLANG_WARN_UNGUARDED_AVAILABILITY = YES_AGGRESSIVE;
				CLANG_WARN_UNREACHABLE_CODE = YES;
				CLANG_WARN__DUPLICATE_METHOD_MATCH = YES;
				COPY_PHASE_STRIP = NO;
				DEBUG_INFORMATION_FORMAT = dwarf;
				ENABLE_STRICT_OBJC_MSGSEND = YES;
				ENABLE_TESTABILITY = YES;
				ENABLE_USER_SCRIPT_SANDBOXING = YES;
				GCC_C_LANGUAGE_STANDARD = gnu17;
				GCC_DYNAMIC_NO_PIC = NO;
				GCC_NO_COMMON_BLOCKS = YES;
				GCC_OPTIMIZATION_LEVEL = 0;
				GCC_PREPROCESSOR_DEFINITIONS = (
					"DEBUG=1",
					"$(inherited)",
				);
				GCC_WARN_64_TO_32_BIT_CONVERSION = YES;
				GCC_WARN_ABOUT_RETURN_TYPE = YES_ERROR;
				GCC_WARN_UNDECLARED_SELECTOR = YES;
				GCC_WARN_UNINITIALIZED_AUTOS = YES_AGGRESSIVE;
				GCC_WARN_UNUSED_FUNCTION = YES;
				GCC_WARN_UNUSED_VARIABLE = YES;
				IPHONEOS_DEPLOYMENT_TARGET = 17.5;
				LOCALIZATION_PREFERS_STRING_CATALOGS = YES;
				MTL_ENABLE_DEBUG_INFO = INCLUDE_SOURCE;
				MTL_FAST_MATH = YES;
				ONLY_ACTIVE_ARCH = YES;
				SDKROOT = iphoneos;
				SWIFT_ACTIVE_COMPILATION_CONDITIONS = "DEBUG $(inherited)";
				SWIFT_OPTIMIZATION_LEVEL = "-Onone";
			};
			name = Debug;
		};
		5C1BF8C92C601263005C7E2A /* Release */ = {
			isa = XCBuildConfiguration;
			buildSettings = {
				ALWAYS_SEARCH_USER_PATHS = NO;
				ASSETCATALOG_COMPILER_GENERATE_SWIFT_ASSET_SYMBOL_EXTENSIONS = YES;
				CLANG_ANALYZER_NONNULL = YES;
				CLANG_ANALYZER_NUMBER_OBJECT_CONVERSION = YES_AGGRESSIVE;
				CLANG_CXX_LANGUAGE_STANDARD = "gnu++20";
				CLANG_ENABLE_MODULES = YES;
				CLANG_ENABLE_OBJC_ARC = YES;
				CLANG_ENABLE_OBJC_WEAK = YES;
				CLANG_WARN_BLOCK_CAPTURE_AUTORELEASING = YES;
				CLANG_WARN_BOOL_CONVERSION = YES;
				CLANG_WARN_COMMA = YES;
				CLANG_WARN_CONSTANT_CONVERSION = YES;
				CLANG_WARN_DEPRECATED_OBJC_IMPLEMENTATIONS = YES;
				CLANG_WARN_DIRECT_OBJC_ISA_USAGE = YES_ERROR;
				CLANG_WARN_DOCUMENTATION_COMMENTS = YES;
				CLANG_WARN_EMPTY_BODY = YES;
				CLANG_WARN_ENUM_CONVERSION = YES;
				CLANG_WARN_INFINITE_RECURSION = YES;
				CLANG_WARN_INT_CONVERSION = YES;
				CLANG_WARN_NON_LITERAL_NULL_CONVERSION = YES;
				CLANG_WARN_OBJC_IMPLICIT_RETAIN_SELF = YES;
				CLANG_WARN_OBJC_LITERAL_CONVERSION = YES;
				CLANG_WARN_OBJC_ROOT_CLASS = YES_ERROR;
				CLANG_WARN_QUOTED_INCLUDE_IN_FRAMEWORK_HEADER = YES;
				CLANG_WARN_RANGE_LOOP_ANALYSIS = YES;
				CLANG_WARN_STRICT_PROTOTYPES = YES;
				CLANG_WARN_SUSPICIOUS_MOVE = YES;
				CLANG_WARN_UNGUARDED_AVAILABILITY = YES_AGGRESSIVE;
				CLANG_WARN_UNREACHABLE_CODE = YES;
				CLANG_WARN__DUPLICATE_METHOD_MATCH = YES;
				COPY_PHASE_STRIP = NO;
				DEBUG_INFORMATION_FORMAT = "dwarf-with-dsym";
				ENABLE_NS_ASSERTIONS = NO;
				ENABLE_STRICT_OBJC_MSGSEND = YES;
				ENABLE_USER_SCRIPT_SANDBOXING = YES;
				GCC_C_LANGUAGE_STANDARD = gnu17;
				GCC_NO_COMMON_BLOCKS = YES;
				GCC_WARN_64_TO_32_BIT_CONVERSION = YES;
				GCC_WARN_ABOUT_RETURN_TYPE = YES_ERROR;
				GCC_WARN_UNDECLARED_SELECTOR = YES;
				GCC_WARN_UNINITIALIZED_AUTOS = YES_AGGRESSIVE;
				GCC_WARN_UNUSED_FUNCTION = YES;
				GCC_WARN_UNUSED_VARIABLE = YES;
				IPHONEOS_DEPLOYMENT_TARGET = 17.5;
				LOCALIZATION_PREFERS_STRING_CATALOGS = YES;
				MTL_ENABLE_DEBUG_INFO = NO;
				MTL_FAST_MATH = YES;
				SDKROOT = iphoneos;
				SWIFT_COMPILATION_MODE = wholemodule;
				VALIDATE_PRODUCT = YES;
			};
			name = Release;
		};
		5C1BF8CB2C601263005C7E2A /* Debug */ = {
			isa = XCBuildConfiguration;
			buildSettings = {
				ASSETCATALOG_COMPILER_APPICON_NAME = AppIcon;
				ASSETCATALOG_COMPILER_GLOBAL_ACCENT_COLOR_NAME = AccentColor;
				CODE_SIGN_ENTITLEMENTS = Connext/Connext.entitlements;
				CODE_SIGN_STYLE = Automatic;
				CURRENT_PROJECT_VERSION = 1;
				DEVELOPMENT_ASSET_PATHS = "\"Connext/Preview Content\"";
				DEVELOPMENT_TEAM = 6N4HMYH8YX;
				ENABLE_PREVIEWS = YES;
				GENERATE_INFOPLIST_FILE = YES;
				INFOPLIST_KEY_UIApplicationSceneManifest_Generation = YES;
				INFOPLIST_KEY_UIApplicationSupportsIndirectInputEvents = YES;
				INFOPLIST_KEY_UILaunchScreen_Generation = YES;
				INFOPLIST_KEY_UISupportedInterfaceOrientations_iPad = "UIInterfaceOrientationPortrait UIInterfaceOrientationPortraitUpsideDown UIInterfaceOrientationLandscapeLeft UIInterfaceOrientationLandscapeRight";
				INFOPLIST_KEY_UISupportedInterfaceOrientations_iPhone = "UIInterfaceOrientationPortrait UIInterfaceOrientationLandscapeLeft UIInterfaceOrientationLandscapeRight";
				LD_RUNPATH_SEARCH_PATHS = (
					"$(inherited)",
					"@executable_path/Frameworks",
				);
				MARKETING_VERSION = 1.0;
				PRODUCT_BUNDLE_IDENTIFIER = com.turancabuk.Connext;
				PRODUCT_NAME = "$(TARGET_NAME)";
				SWIFT_EMIT_LOC_STRINGS = YES;
				SWIFT_VERSION = 5.0;
				TARGETED_DEVICE_FAMILY = "1,2";
			};
			name = Debug;
		};
		5C1BF8CC2C601263005C7E2A /* Release */ = {
			isa = XCBuildConfiguration;
			buildSettings = {
				ASSETCATALOG_COMPILER_APPICON_NAME = AppIcon;
				ASSETCATALOG_COMPILER_GLOBAL_ACCENT_COLOR_NAME = AccentColor;
				CODE_SIGN_ENTITLEMENTS = Connext/Connext.entitlements;
				CODE_SIGN_STYLE = Automatic;
				CURRENT_PROJECT_VERSION = 1;
				DEVELOPMENT_ASSET_PATHS = "\"Connext/Preview Content\"";
				DEVELOPMENT_TEAM = 6N4HMYH8YX;
				ENABLE_PREVIEWS = YES;
				GENERATE_INFOPLIST_FILE = YES;
				INFOPLIST_KEY_UIApplicationSceneManifest_Generation = YES;
				INFOPLIST_KEY_UIApplicationSupportsIndirectInputEvents = YES;
				INFOPLIST_KEY_UILaunchScreen_Generation = YES;
				INFOPLIST_KEY_UISupportedInterfaceOrientations_iPad = "UIInterfaceOrientationPortrait UIInterfaceOrientationPortraitUpsideDown UIInterfaceOrientationLandscapeLeft UIInterfaceOrientationLandscapeRight";
				INFOPLIST_KEY_UISupportedInterfaceOrientations_iPhone = "UIInterfaceOrientationPortrait UIInterfaceOrientationLandscapeLeft UIInterfaceOrientationLandscapeRight";
				LD_RUNPATH_SEARCH_PATHS = (
					"$(inherited)",
					"@executable_path/Frameworks",
				);
				MARKETING_VERSION = 1.0;
				PRODUCT_BUNDLE_IDENTIFIER = com.turancabuk.Connext;
				PRODUCT_NAME = "$(TARGET_NAME)";
				SWIFT_EMIT_LOC_STRINGS = YES;
				SWIFT_VERSION = 5.0;
				TARGETED_DEVICE_FAMILY = "1,2";
			};
			name = Release;
		};
/* End XCBuildConfiguration section */

/* Begin XCConfigurationList section */
		5C1BF8B72C601262005C7E2A /* Build configuration list for PBXProject "Connext" */ = {
			isa = XCConfigurationList;
			buildConfigurations = (
				5C1BF8C82C601263005C7E2A /* Debug */,
				5C1BF8C92C601263005C7E2A /* Release */,
			);
			defaultConfigurationIsVisible = 0;
			defaultConfigurationName = Release;
		};
		5C1BF8CA2C601263005C7E2A /* Build configuration list for PBXNativeTarget "Connext" */ = {
			isa = XCConfigurationList;
			buildConfigurations = (
				5C1BF8CB2C601263005C7E2A /* Debug */,
				5C1BF8CC2C601263005C7E2A /* Release */,
			);
			defaultConfigurationIsVisible = 0;
			defaultConfigurationName = Release;
		};
/* End XCConfigurationList section */
	};
	rootObject = 5C1BF8B42C601262005C7E2A /* Project object */;
}
